# This file is automatically @generated by Poetry 1.8.3 and should not be changed by hand.

[[package]]
name = "anyio"
version = "4.4.0"
description = "High level compatibility layer for multiple asynchronous event loop implementations"
optional = false
python-versions = ">=3.8"
files = [
    {file = "anyio-4.4.0-py3-none-any.whl", hash = "sha256:c1b2d8f46a8a812513012e1107cb0e68c17159a7a594208005a57dc776e1bdc7"},
    {file = "anyio-4.4.0.tar.gz", hash = "sha256:5aadc6a1bbb7cdb0bede386cac5e2940f5e2ff3aa20277e991cf028e0585ce94"},
]

[package.dependencies]
exceptiongroup = {version = ">=1.0.2", markers = "python_version < \"3.11\""}
idna = ">=2.8"
sniffio = ">=1.1"
typing-extensions = {version = ">=4.1", markers = "python_version < \"3.11\""}

[package.extras]
doc = ["Sphinx (>=7)", "packaging", "sphinx-autodoc-typehints (>=1.2.0)", "sphinx-rtd-theme"]
test = ["anyio[trio]", "coverage[toml] (>=7)", "exceptiongroup (>=1.2.0)", "hypothesis (>=4.0)", "psutil (>=5.9)", "pytest (>=7.0)", "pytest-mock (>=3.6.1)", "trustme", "uvloop (>=0.17)"]
trio = ["trio (>=0.23)"]

[[package]]
name = "appdirs"
version = "1.4.4"
description = "A small Python module for determining appropriate platform-specific dirs, e.g. a \"user data dir\"."
optional = false
python-versions = "*"
files = [
    {file = "appdirs-1.4.4-py2.py3-none-any.whl", hash = "sha256:a841dacd6b99318a741b166adb07e19ee71a274450e68237b4650ca1055ab128"},
    {file = "appdirs-1.4.4.tar.gz", hash = "sha256:7d5d0167b2b1ba821647616af46a749d1c653740dd0d2415100fe26e27afdf41"},
]

[[package]]
name = "asgiref"
version = "3.8.1"
description = "ASGI specs, helper code, and adapters"
optional = false
python-versions = ">=3.8"
files = [
    {file = "asgiref-3.8.1-py3-none-any.whl", hash = "sha256:3e1e3ecc849832fe52ccf2cb6686b7a55f82bb1d6aee72a58826471390335e47"},
    {file = "asgiref-3.8.1.tar.gz", hash = "sha256:c343bd80a0bec947a9860adb4c432ffa7db769836c64238fc34bdc3fec84d590"},
]

[package.dependencies]
typing-extensions = {version = ">=4", markers = "python_version < \"3.11\""}

[package.extras]
tests = ["mypy (>=0.800)", "pytest", "pytest-asyncio"]

[[package]]
name = "click"
version = "8.1.7"
description = "Composable command line interface toolkit"
optional = false
python-versions = ">=3.7"
files = [
    {file = "click-8.1.7-py3-none-any.whl", hash = "sha256:ae74fb96c20a0277a1d615f1e4d73c8414f5a98db8b799a7931d1582f3390c28"},
    {file = "click-8.1.7.tar.gz", hash = "sha256:ca9853ad459e787e2192211578cc907e7594e294c7ccc834310722b41b9ca6de"},
]

[package.dependencies]
colorama = {version = "*", markers = "platform_system == \"Windows\""}

[[package]]
name = "colorama"
version = "0.4.6"
description = "Cross-platform colored terminal text."
optional = false
python-versions = "!=3.0.*,!=3.1.*,!=3.2.*,!=3.3.*,!=3.4.*,!=3.5.*,!=3.6.*,>=2.7"
files = [
    {file = "colorama-0.4.6-py2.py3-none-any.whl", hash = "sha256:4f1d9991f5acc0ca119f9d443620b77f9d6b33703e51011c16baf57afb285fc6"},
    {file = "colorama-0.4.6.tar.gz", hash = "sha256:08695f5cb7ed6e0531a20572697297273c47b8cae5a63ffc6d6ed5c201be6e44"},
]

[[package]]
name = "exceptiongroup"
version = "1.2.2"
description = "Backport of PEP 654 (exception groups)"
optional = false
python-versions = ">=3.7"
files = [
    {file = "exceptiongroup-1.2.2-py3-none-any.whl", hash = "sha256:3111b9d131c238bec2f8f516e123e14ba243563fb135d3fe885990585aa7795b"},
    {file = "exceptiongroup-1.2.2.tar.gz", hash = "sha256:47c2edf7c6738fafb49fd34290706d1a1a2f4d1c6df275526b62cbb4aa5393cc"},
]

[package.extras]
test = ["pytest (>=6)"]

[[package]]
name = "h11"
version = "0.14.0"
description = "A pure-Python, bring-your-own-I/O implementation of HTTP/1.1"
optional = false
python-versions = ">=3.7"
files = [
    {file = "h11-0.14.0-py3-none-any.whl", hash = "sha256:e3fe4ac4b851c468cc8363d500db52c2ead036020723024a109d37346efaa761"},
    {file = "h11-0.14.0.tar.gz", hash = "sha256:8f19fbbe99e72420ff35c00b27a34cb9937e902a8b810e2c88300c6f0a3b699d"},
]

[[package]]
name = "htmltools"
version = "0.5.3"
description = "Tools for HTML generation and output."
optional = false
python-versions = ">=3.8"
files = [
    {file = "htmltools-0.5.3-py3-none-any.whl", hash = "sha256:5e2d12309fd6d9eb39a5fe8183da9ad90f6677d73dd41a82ded4b81ba0e43c86"},
    {file = "htmltools-0.5.3.tar.gz", hash = "sha256:192e430498e8792831cd6cc5d7a43d3f13d8eb03eb7dd7d8e99f629bf73cf03c"},
]

[package.dependencies]
packaging = ">=20.9"
typing-extensions = ">=3.10.0.0"

[package.extras]
dev = ["Flake8-pyproject", "black (>=24.2.0)", "build", "flake8 (>=6.0.0)", "isort (>=5.11.2)", "pre-commit (>=2.15.0)", "pyright (>=1.1.348)", "wheel"]
test = ["pytest (>=6.2.4)", "syrupy (>=4.6.0)"]

[[package]]
name = "idna"
version = "3.8"
description = "Internationalized Domain Names in Applications (IDNA)"
optional = false
python-versions = ">=3.6"
files = [
    {file = "idna-3.8-py3-none-any.whl", hash = "sha256:050b4e5baadcd44d760cedbd2b8e639f2ff89bbc7a5730fcc662954303377aac"},
    {file = "idna-3.8.tar.gz", hash = "sha256:d838c2c0ed6fced7693d5e8ab8e734d5f8fda53a039c0164afb0b82e771e3603"},
]

[[package]]
name = "iniconfig"
version = "2.0.0"
description = "brain-dead simple config-ini parsing"
optional = false
python-versions = ">=3.7"
files = [
    {file = "iniconfig-2.0.0-py3-none-any.whl", hash = "sha256:b6a85871a79d2e3b22d2d1b94ac2824226a63c6b741c88f7ae975f18b6778374"},
    {file = "iniconfig-2.0.0.tar.gz", hash = "sha256:2d91e135bf72d31a410b17c16da610a82cb55f6b0477d1a902134b24a455b8b3"},
]

[[package]]
name = "libsass"
version = "0.23.0"
description = "Sass for Python: A straightforward binding of libsass for Python."
optional = false
python-versions = ">=3.8"
files = [
    {file = "libsass-0.23.0-cp38-abi3-macosx_11_0_x86_64.whl", hash = "sha256:34cae047cbbfc4ffa832a61cbb110f3c95f5471c6170c842d3fed161e40814dc"},
    {file = "libsass-0.23.0-cp38-abi3-macosx_14_0_arm64.whl", hash = "sha256:ea97d1b45cdc2fc3590cb9d7b60f1d8915d3ce17a98c1f2d4dd47ee0d9c68ce6"},
    {file = "libsass-0.23.0-cp38-abi3-manylinux_2_5_x86_64.manylinux1_x86_64.whl", hash = "sha256:4a218406d605f325d234e4678bd57126a66a88841cb95bee2caeafdc6f138306"},
    {file = "libsass-0.23.0-cp38-abi3-win32.whl", hash = "sha256:31e86d92a5c7a551df844b72d83fc2b5e50abc6fbbb31e296f7bebd6489ed1b4"},
    {file = "libsass-0.23.0-cp38-abi3-win_amd64.whl", hash = "sha256:a2ec85d819f353cbe807432d7275d653710d12b08ec7ef61c124a580a8352f3c"},
    {file = "libsass-0.23.0.tar.gz", hash = "sha256:6f209955ede26684e76912caf329f4ccb57e4a043fd77fe0e7348dd9574f1880"},
]

[[package]]
name = "linkify-it-py"
version = "2.0.3"
description = "Links recognition library with FULL unicode support."
optional = false
python-versions = ">=3.7"
files = [
    {file = "linkify-it-py-2.0.3.tar.gz", hash = "sha256:68cda27e162e9215c17d786649d1da0021a451bdc436ef9e0fa0ba5234b9b048"},
    {file = "linkify_it_py-2.0.3-py3-none-any.whl", hash = "sha256:6bcbc417b0ac14323382aef5c5192c0075bf8a9d6b41820a2b66371eac6b6d79"},
]

[package.dependencies]
uc-micro-py = "*"

[package.extras]
benchmark = ["pytest", "pytest-benchmark"]
dev = ["black", "flake8", "isort", "pre-commit", "pyproject-flake8"]
doc = ["myst-parser", "sphinx", "sphinx-book-theme"]
test = ["coverage", "pytest", "pytest-cov"]

[[package]]
name = "markdown-it-py"
version = "3.0.0"
description = "Python port of markdown-it. Markdown parsing, done right!"
optional = false
python-versions = ">=3.8"
files = [
    {file = "markdown-it-py-3.0.0.tar.gz", hash = "sha256:e3f60a94fa066dc52ec76661e37c851cb232d92f9886b15cb560aaada2df8feb"},
    {file = "markdown_it_py-3.0.0-py3-none-any.whl", hash = "sha256:355216845c60bd96232cd8d8c40e8f9765cc86f46880e43a8fd22dc1a1a8cab1"},
]

[package.dependencies]
mdurl = ">=0.1,<1.0"

[package.extras]
benchmarking = ["psutil", "pytest", "pytest-benchmark"]
code-style = ["pre-commit (>=3.0,<4.0)"]
compare = ["commonmark (>=0.9,<1.0)", "markdown (>=3.4,<4.0)", "mistletoe (>=1.0,<2.0)", "mistune (>=2.0,<3.0)", "panflute (>=2.3,<3.0)"]
linkify = ["linkify-it-py (>=1,<3)"]
plugins = ["mdit-py-plugins"]
profiling = ["gprof2dot"]
rtd = ["jupyter_sphinx", "mdit-py-plugins", "myst-parser", "pyyaml", "sphinx", "sphinx-copybutton", "sphinx-design", "sphinx_book_theme"]
testing = ["coverage", "pytest", "pytest-cov", "pytest-regressions"]

[[package]]
name = "mdit-py-plugins"
version = "0.4.2"
description = "Collection of plugins for markdown-it-py"
optional = false
python-versions = ">=3.8"
files = [
    {file = "mdit_py_plugins-0.4.2-py3-none-any.whl", hash = "sha256:0c673c3f889399a33b95e88d2f0d111b4447bdfea7f237dab2d488f459835636"},
    {file = "mdit_py_plugins-0.4.2.tar.gz", hash = "sha256:5f2cd1fdb606ddf152d37ec30e46101a60512bc0e5fa1a7002c36647b09e26b5"},
]

[package.dependencies]
markdown-it-py = ">=1.0.0,<4.0.0"

[package.extras]
code-style = ["pre-commit"]
rtd = ["myst-parser", "sphinx-book-theme"]
testing = ["coverage", "pytest", "pytest-cov", "pytest-regressions"]

[[package]]
name = "mdurl"
version = "0.1.2"
description = "Markdown URL utilities"
optional = false
python-versions = ">=3.7"
files = [
    {file = "mdurl-0.1.2-py3-none-any.whl", hash = "sha256:84008a41e51615a49fc9966191ff91509e3c40b939176e643fd50a5c2196b8f8"},
    {file = "mdurl-0.1.2.tar.gz", hash = "sha256:bb413d29f5eea38f31dd4754dd7377d4465116fb207585f97bf925588687c1ba"},
]

[[package]]
name = "packaging"
version = "24.1"
description = "Core utilities for Python packages"
optional = false
python-versions = ">=3.8"
files = [
    {file = "packaging-24.1-py3-none-any.whl", hash = "sha256:5b8f2217dbdbd2f7f384c41c628544e6d52f2d0f53c6d0c3ea61aa5d1d7ff124"},
    {file = "packaging-24.1.tar.gz", hash = "sha256:026ed72c8ed3fcce5bf8950572258698927fd1dbda10a5e981cdf0ac37f4f002"},
]

[[package]]
name = "pluggy"
version = "1.5.0"
description = "plugin and hook calling mechanisms for python"
optional = false
python-versions = ">=3.8"
files = [
    {file = "pluggy-1.5.0-py3-none-any.whl", hash = "sha256:44e1ad92c8ca002de6377e165f3e0f1be63266ab4d554740532335b9d75ea669"},
    {file = "pluggy-1.5.0.tar.gz", hash = "sha256:2cffa88e94fdc978c4c574f15f9e59b7f4201d439195c3715ca9e2486f1d0cf1"},
]

[package.extras]
dev = ["pre-commit", "tox"]
testing = ["pytest", "pytest-benchmark"]

[[package]]
name = "prompt-toolkit"
version = "3.0.36"
description = "Library for building powerful interactive command lines in Python"
optional = false
python-versions = ">=3.6.2"
files = [
    {file = "prompt_toolkit-3.0.36-py3-none-any.whl", hash = "sha256:aa64ad242a462c5ff0363a7b9cfe696c20d55d9fc60c11fd8e632d064804d305"},
    {file = "prompt_toolkit-3.0.36.tar.gz", hash = "sha256:3e163f254bef5a03b146397d7c1963bd3e2812f0964bb9a24e6ec761fd28db63"},
]

[package.dependencies]
wcwidth = "*"

[[package]]
name = "pytest"
version = "8.3.3"
description = "pytest: simple powerful testing with Python"
optional = false
python-versions = ">=3.8"
files = [
    {file = "pytest-8.3.3-py3-none-any.whl", hash = "sha256:a6853c7375b2663155079443d2e45de913a911a11d669df02a50814944db57b2"},
    {file = "pytest-8.3.3.tar.gz", hash = "sha256:70b98107bd648308a7952b06e6ca9a50bc660be218d53c257cc1fc94fda10181"},
]

[package.dependencies]
colorama = {version = "*", markers = "sys_platform == \"win32\""}
exceptiongroup = {version = ">=1.0.0rc8", markers = "python_version < \"3.11\""}
iniconfig = "*"
packaging = "*"
pluggy = ">=1.5,<2"
tomli = {version = ">=1", markers = "python_version < \"3.11\""}

[package.extras]
dev = ["argcomplete", "attrs (>=19.2)", "hypothesis (>=3.56)", "mock", "pygments (>=2.7.2)", "requests", "setuptools", "xmlschema"]

[[package]]
name = "python-multipart"
version = "0.0.9"
description = "A streaming multipart parser for Python"
optional = false
python-versions = ">=3.8"
files = [
    {file = "python_multipart-0.0.9-py3-none-any.whl", hash = "sha256:97ca7b8ea7b05f977dc3849c3ba99d51689822fab725c3703af7c866a0c2b215"},
    {file = "python_multipart-0.0.9.tar.gz", hash = "sha256:03f54688c663f1b7977105f021043b0793151e4cb1c1a9d4a11fc13d622c4026"},
]

[package.extras]
dev = ["atomicwrites (==1.4.1)", "attrs (==23.2.0)", "coverage (==7.4.1)", "hatch", "invoke (==2.2.0)", "more-itertools (==10.2.0)", "pbr (==6.0.0)", "pluggy (==1.4.0)", "py (==1.11.0)", "pytest (==8.0.0)", "pytest-cov (==4.1.0)", "pytest-timeout (==2.2.0)", "pyyaml (==6.0.1)", "ruff (==0.2.1)"]

[[package]]
name = "questionary"
version = "2.0.1"
description = "Python library to build pretty command line user prompts ⭐️"
optional = false
python-versions = ">=3.8"
files = [
    {file = "questionary-2.0.1-py3-none-any.whl", hash = "sha256:8ab9a01d0b91b68444dff7f6652c1e754105533f083cbe27597c8110ecc230a2"},
    {file = "questionary-2.0.1.tar.gz", hash = "sha256:bcce898bf3dbb446ff62830c86c5c6fb9a22a54146f0f5597d3da43b10d8fc8b"},
]

[package.dependencies]
prompt_toolkit = ">=2.0,<=3.0.36"

[[package]]
name = "shiny"
version = "1.1.0"
description = "A web development framework for Python."
optional = false
python-versions = ">=3.8"
files = [
    {file = "shiny-1.1.0-py3-none-any.whl", hash = "sha256:dd747a390c91f8335be2dc2188c5a27d23f144287b55ccc1f127357da1eee83e"},
    {file = "shiny-1.1.0.tar.gz", hash = "sha256:7a82338e72486e488c67b7a6230303648ae8ea14c656520f33fc44355a477a59"},
]

[package.dependencies]
appdirs = ">=1.4.4"
asgiref = ">=3.5.2"
click = {version = ">=8.1.4", markers = "platform_system != \"Emscripten\""}
htmltools = ">=0.5.2"
linkify-it-py = ">=1.0"
markdown-it-py = ">=1.1.0"
mdit-py-plugins = ">=0.3.0"
packaging = ">=20.9"
prompt-toolkit = {version = "*", markers = "platform_system != \"Emscripten\""}
python-multipart = [
    {version = ">=0.0.7", markers = "platform_system != \"Emscripten\""},
    {version = "*", markers = "platform_system == \"Emscripten\""},
]
questionary = {version = ">=2.0.0", markers = "platform_system != \"Emscripten\""}
starlette = "*"
typing-extensions = ">=4.10.0"
uvicorn = {version = ">=0.16.0", markers = "platform_system != \"Emscripten\""}
watchfiles = {version = ">=0.18.0", markers = "platform_system != \"Emscripten\""}
websockets = ">=10.0"

[package.extras]
dev = ["Flake8-pyproject (>=1.2.3)", "aiohttp", "anthropic", "beautifulsoup4", "black (>=24.0)", "flake8 (>=6.0.0)", "flake8-bugbear (>=23.2.13)", "google-generativeai", "isort (>=5.10.1)", "langchain-core", "libsass (>=0.23.0)", "matplotlib", "numpy", "ollama", "openai", "pandas", "pandas-stubs", "polars", "pre-commit (>=2.15.0)", "pyright (==1.1.369)", "python-dotenv", "shinyswatch (>=0.7.0)", "tokenizers", "wheel"]
doc = ["griffe (>=1.1.1)", "jupyter", "jupyter-client (<8.0.0)", "pydantic (>=2.7.4)", "quartodoc (>=0.7.6)", "shinylive", "tabulate"]
test = ["astropy", "bokeh", "coverage", "duckdb", "faicons", "folium", "geodatasets", "geopandas", "great-tables", "holoviews", "ipyleaflet", "missingno", "palmerpenguins", "playwright (>=1.43.0)", "plotly", "plotnine", "psutil", "pytest (>=6.2.4)", "pytest-asyncio (>=0.17.2)", "pytest-cov", "pytest-playwright (>=0.3.0)", "pytest-rerunfailures", "pytest-timeout", "pytest-xdist", "ridgeplot", "rsconnect-python", "scikit-learn", "seaborn", "shinywidgets", "suntime", "syrupy (>=4.7.1)", "timezonefinder", "xarray"]
theme = ["libsass (>=0.23.0)"]

[[package]]
name = "sniffio"
version = "1.3.1"
description = "Sniff out which async library your code is running under"
optional = false
python-versions = ">=3.7"
files = [
    {file = "sniffio-1.3.1-py3-none-any.whl", hash = "sha256:2f6da418d1f1e0fddd844478f41680e794e6051915791a034ff65e5f100525a2"},
    {file = "sniffio-1.3.1.tar.gz", hash = "sha256:f4324edc670a0f49750a81b895f35c3adb843cca46f0530f79fc1babb23789dc"},
]

[[package]]
name = "starlette"
version = "0.38.5"
description = "The little ASGI library that shines."
optional = false
python-versions = ">=3.8"
files = [
    {file = "starlette-0.38.5-py3-none-any.whl", hash = "sha256:632f420a9d13e3ee2a6f18f437b0a9f1faecb0bc42e1942aa2ea0e379a4c4206"},
    {file = "starlette-0.38.5.tar.gz", hash = "sha256:04a92830a9b6eb1442c766199d62260c3d4dc9c4f9188360626b1e0273cb7077"},
]

[package.dependencies]
anyio = ">=3.4.0,<5"

[package.extras]
full = ["httpx (>=0.22.0)", "itsdangerous", "jinja2", "python-multipart (>=0.0.7)", "pyyaml"]

[[package]]
name = "tomli"
version = "2.0.1"
description = "A lil' TOML parser"
optional = false
python-versions = ">=3.7"
files = [
    {file = "tomli-2.0.1-py3-none-any.whl", hash = "sha256:939de3e7a6161af0c887ef91b7d41a53e7c5a1ca976325f429cb46ea9bc30ecc"},
    {file = "tomli-2.0.1.tar.gz", hash = "sha256:de526c12914f0c550d15924c62d72abc48d6fe7364aa87328337a31007fe8a4f"},
]

[[package]]
name = "typing-extensions"
version = "4.12.2"
description = "Backported and Experimental Type Hints for Python 3.8+"
optional = false
python-versions = ">=3.8"
files = [
    {file = "typing_extensions-4.12.2-py3-none-any.whl", hash = "sha256:04e5ca0351e0f3f85c6853954072df659d0d13fac324d0072316b67d7794700d"},
    {file = "typing_extensions-4.12.2.tar.gz", hash = "sha256:1a7ead55c7e559dd4dee8856e3a88b41225abfe1ce8df57b7c13915fe121ffb8"},
]

[[package]]
name = "uc-micro-py"
version = "1.0.3"
description = "Micro subset of unicode data files for linkify-it-py projects."
optional = false
python-versions = ">=3.7"
files = [
    {file = "uc-micro-py-1.0.3.tar.gz", hash = "sha256:d321b92cff673ec58027c04015fcaa8bb1e005478643ff4a500882eaab88c48a"},
    {file = "uc_micro_py-1.0.3-py3-none-any.whl", hash = "sha256:db1dffff340817673d7b466ec86114a9dc0e9d4d9b5ba229d9d60e5c12600cd5"},
]

[package.extras]
test = ["coverage", "pytest", "pytest-cov"]

[[package]]
name = "uvicorn"
version = "0.30.6"
description = "The lightning-fast ASGI server."
optional = false
python-versions = ">=3.8"
files = [
    {file = "uvicorn-0.30.6-py3-none-any.whl", hash = "sha256:65fd46fe3fda5bdc1b03b94eb634923ff18cd35b2f084813ea79d1f103f711b5"},
    {file = "uvicorn-0.30.6.tar.gz", hash = "sha256:4b15decdda1e72be08209e860a1e10e92439ad5b97cf44cc945fcbee66fc5788"},
]

[package.dependencies]
click = ">=7.0"
h11 = ">=0.8"
typing-extensions = {version = ">=4.0", markers = "python_version < \"3.11\""}

[package.extras]
standard = ["colorama (>=0.4)", "httptools (>=0.5.0)", "python-dotenv (>=0.13)", "pyyaml (>=5.1)", "uvloop (>=0.14.0,!=0.15.0,!=0.15.1)", "watchfiles (>=0.13)", "websockets (>=10.4)"]

[[package]]
name = "watchfiles"
version = "0.24.0"
description = "Simple, modern and high performance file watching and code reload in python."
optional = false
python-versions = ">=3.8"
files = [
    {file = "watchfiles-0.24.0-cp310-cp310-macosx_10_12_x86_64.whl", hash = "sha256:083dc77dbdeef09fa44bb0f4d1df571d2e12d8a8f985dccde71ac3ac9ac067a0"},
    {file = "watchfiles-0.24.0-cp310-cp310-macosx_11_0_arm64.whl", hash = "sha256:e94e98c7cb94cfa6e071d401ea3342767f28eb5a06a58fafdc0d2a4974f4f35c"},
    {file = "watchfiles-0.24.0-cp310-cp310-manylinux_2_17_aarch64.manylinux2014_aarch64.whl", hash = "sha256:82ae557a8c037c42a6ef26c494d0631cacca040934b101d001100ed93d43f361"},
    {file = "watchfiles-0.24.0-cp310-cp310-manylinux_2_17_armv7l.manylinux2014_armv7l.whl", hash = "sha256:acbfa31e315a8f14fe33e3542cbcafc55703b8f5dcbb7c1eecd30f141df50db3"},
    {file = "watchfiles-0.24.0-cp310-cp310-manylinux_2_17_i686.manylinux2014_i686.whl", hash = "sha256:b74fdffce9dfcf2dc296dec8743e5b0332d15df19ae464f0e249aa871fc1c571"},
    {file = "watchfiles-0.24.0-cp310-cp310-manylinux_2_17_ppc64le.manylinux2014_ppc64le.whl", hash = "sha256:449f43f49c8ddca87c6b3980c9284cab6bd1f5c9d9a2b00012adaaccd5e7decd"},
    {file = "watchfiles-0.24.0-cp310-cp310-manylinux_2_17_s390x.manylinux2014_s390x.whl", hash = "sha256:4abf4ad269856618f82dee296ac66b0cd1d71450fc3c98532d93798e73399b7a"},
    {file = "watchfiles-0.24.0-cp310-cp310-manylinux_2_17_x86_64.manylinux2014_x86_64.whl", hash = "sha256:9f895d785eb6164678ff4bb5cc60c5996b3ee6df3edb28dcdeba86a13ea0465e"},
    {file = "watchfiles-0.24.0-cp310-cp310-musllinux_1_1_aarch64.whl", hash = "sha256:7ae3e208b31be8ce7f4c2c0034f33406dd24fbce3467f77223d10cd86778471c"},
    {file = "watchfiles-0.24.0-cp310-cp310-musllinux_1_1_x86_64.whl", hash = "sha256:2efec17819b0046dde35d13fb8ac7a3ad877af41ae4640f4109d9154ed30a188"},
    {file = "watchfiles-0.24.0-cp310-none-win32.whl", hash = "sha256:6bdcfa3cd6fdbdd1a068a52820f46a815401cbc2cb187dd006cb076675e7b735"},
    {file = "watchfiles-0.24.0-cp310-none-win_amd64.whl", hash = "sha256:54ca90a9ae6597ae6dc00e7ed0a040ef723f84ec517d3e7ce13e63e4bc82fa04"},
    {file = "watchfiles-0.24.0-cp311-cp311-macosx_10_12_x86_64.whl", hash = "sha256:bdcd5538e27f188dd3c804b4a8d5f52a7fc7f87e7fd6b374b8e36a4ca03db428"},
    {file = "watchfiles-0.24.0-cp311-cp311-macosx_11_0_arm64.whl", hash = "sha256:2dadf8a8014fde6addfd3c379e6ed1a981c8f0a48292d662e27cabfe4239c83c"},
    {file = "watchfiles-0.24.0-cp311-cp311-manylinux_2_17_aarch64.manylinux2014_aarch64.whl", hash = "sha256:6509ed3f467b79d95fc62a98229f79b1a60d1b93f101e1c61d10c95a46a84f43"},
    {file = "watchfiles-0.24.0-cp311-cp311-manylinux_2_17_armv7l.manylinux2014_armv7l.whl", hash = "sha256:8360f7314a070c30e4c976b183d1d8d1585a4a50c5cb603f431cebcbb4f66327"},
    {file = "watchfiles-0.24.0-cp311-cp311-manylinux_2_17_i686.manylinux2014_i686.whl", hash = "sha256:316449aefacf40147a9efaf3bd7c9bdd35aaba9ac5d708bd1eb5763c9a02bef5"},
    {file = "watchfiles-0.24.0-cp311-cp311-manylinux_2_17_ppc64le.manylinux2014_ppc64le.whl", hash = "sha256:73bde715f940bea845a95247ea3e5eb17769ba1010efdc938ffcb967c634fa61"},
    {file = "watchfiles-0.24.0-cp311-cp311-manylinux_2_17_s390x.manylinux2014_s390x.whl", hash = "sha256:3770e260b18e7f4e576edca4c0a639f704088602e0bc921c5c2e721e3acb8d15"},
    {file = "watchfiles-0.24.0-cp311-cp311-manylinux_2_17_x86_64.manylinux2014_x86_64.whl", hash = "sha256:aa0fd7248cf533c259e59dc593a60973a73e881162b1a2f73360547132742823"},
    {file = "watchfiles-0.24.0-cp311-cp311-musllinux_1_1_aarch64.whl", hash = "sha256:d7a2e3b7f5703ffbd500dabdefcbc9eafeff4b9444bbdd5d83d79eedf8428fab"},
    {file = "watchfiles-0.24.0-cp311-cp311-musllinux_1_1_x86_64.whl", hash = "sha256:d831ee0a50946d24a53821819b2327d5751b0c938b12c0653ea5be7dea9c82ec"},
    {file = "watchfiles-0.24.0-cp311-none-win32.whl", hash = "sha256:49d617df841a63b4445790a254013aea2120357ccacbed00253f9c2b5dc24e2d"},
    {file = "watchfiles-0.24.0-cp311-none-win_amd64.whl", hash = "sha256:d3dcb774e3568477275cc76554b5a565024b8ba3a0322f77c246bc7111c5bb9c"},
    {file = "watchfiles-0.24.0-cp311-none-win_arm64.whl", hash = "sha256:9301c689051a4857d5b10777da23fafb8e8e921bcf3abe6448a058d27fb67633"},
    {file = "watchfiles-0.24.0-cp312-cp312-macosx_10_12_x86_64.whl", hash = "sha256:7211b463695d1e995ca3feb38b69227e46dbd03947172585ecb0588f19b0d87a"},
    {file = "watchfiles-0.24.0-cp312-cp312-macosx_11_0_arm64.whl", hash = "sha256:4b8693502d1967b00f2fb82fc1e744df128ba22f530e15b763c8d82baee15370"},
    {file = "watchfiles-0.24.0-cp312-cp312-manylinux_2_17_aarch64.manylinux2014_aarch64.whl", hash = "sha256:cdab9555053399318b953a1fe1f586e945bc8d635ce9d05e617fd9fe3a4687d6"},
    {file = "watchfiles-0.24.0-cp312-cp312-manylinux_2_17_armv7l.manylinux2014_armv7l.whl", hash = "sha256:34e19e56d68b0dad5cff62273107cf5d9fbaf9d75c46277aa5d803b3ef8a9e9b"},
    {file = "watchfiles-0.24.0-cp312-cp312-manylinux_2_17_i686.manylinux2014_i686.whl", hash = "sha256:41face41f036fee09eba33a5b53a73e9a43d5cb2c53dad8e61fa6c9f91b5a51e"},
    {file = "watchfiles-0.24.0-cp312-cp312-manylinux_2_17_ppc64le.manylinux2014_ppc64le.whl", hash = "sha256:5148c2f1ea043db13ce9b0c28456e18ecc8f14f41325aa624314095b6aa2e9ea"},
    {file = "watchfiles-0.24.0-cp312-cp312-manylinux_2_17_s390x.manylinux2014_s390x.whl", hash = "sha256:7e4bd963a935aaf40b625c2499f3f4f6bbd0c3776f6d3bc7c853d04824ff1c9f"},
    {file = "watchfiles-0.24.0-cp312-cp312-manylinux_2_17_x86_64.manylinux2014_x86_64.whl", hash = "sha256:c79d7719d027b7a42817c5d96461a99b6a49979c143839fc37aa5748c322f234"},
    {file = "watchfiles-0.24.0-cp312-cp312-musllinux_1_1_aarch64.whl", hash = "sha256:32aa53a9a63b7f01ed32e316e354e81e9da0e6267435c7243bf8ae0f10b428ef"},
    {file = "watchfiles-0.24.0-cp312-cp312-musllinux_1_1_x86_64.whl", hash = "sha256:ce72dba6a20e39a0c628258b5c308779b8697f7676c254a845715e2a1039b968"},
    {file = "watchfiles-0.24.0-cp312-none-win32.whl", hash = "sha256:d9018153cf57fc302a2a34cb7564870b859ed9a732d16b41a9b5cb2ebed2d444"},
    {file = "watchfiles-0.24.0-cp312-none-win_amd64.whl", hash = "sha256:551ec3ee2a3ac9cbcf48a4ec76e42c2ef938a7e905a35b42a1267fa4b1645896"},
    {file = "watchfiles-0.24.0-cp312-none-win_arm64.whl", hash = "sha256:b52a65e4ea43c6d149c5f8ddb0bef8d4a1e779b77591a458a893eb416624a418"},
    {file = "watchfiles-0.24.0-cp313-cp313-macosx_10_12_x86_64.whl", hash = "sha256:3d2e3ab79a1771c530233cadfd277fcc762656d50836c77abb2e5e72b88e3a48"},
    {file = "watchfiles-0.24.0-cp313-cp313-macosx_11_0_arm64.whl", hash = "sha256:327763da824817b38ad125dcd97595f942d720d32d879f6c4ddf843e3da3fe90"},
    {file = "watchfiles-0.24.0-cp313-cp313-manylinux_2_17_aarch64.manylinux2014_aarch64.whl", hash = "sha256:bd82010f8ab451dabe36054a1622870166a67cf3fce894f68895db6f74bbdc94"},
    {file = "watchfiles-0.24.0-cp313-cp313-manylinux_2_17_armv7l.manylinux2014_armv7l.whl", hash = "sha256:d64ba08db72e5dfd5c33be1e1e687d5e4fcce09219e8aee893a4862034081d4e"},
    {file = "watchfiles-0.24.0-cp313-cp313-manylinux_2_17_i686.manylinux2014_i686.whl", hash = "sha256:1cf1f6dd7825053f3d98f6d33f6464ebdd9ee95acd74ba2c34e183086900a827"},
    {file = "watchfiles-0.24.0-cp313-cp313-manylinux_2_17_ppc64le.manylinux2014_ppc64le.whl", hash = "sha256:43e3e37c15a8b6fe00c1bce2473cfa8eb3484bbeecf3aefbf259227e487a03df"},
    {file = "watchfiles-0.24.0-cp313-cp313-manylinux_2_17_s390x.manylinux2014_s390x.whl", hash = "sha256:88bcd4d0fe1d8ff43675360a72def210ebad3f3f72cabfeac08d825d2639b4ab"},
    {file = "watchfiles-0.24.0-cp313-cp313-manylinux_2_17_x86_64.manylinux2014_x86_64.whl", hash = "sha256:999928c6434372fde16c8f27143d3e97201160b48a614071261701615a2a156f"},
    {file = "watchfiles-0.24.0-cp313-cp313-musllinux_1_1_aarch64.whl", hash = "sha256:30bbd525c3262fd9f4b1865cb8d88e21161366561cd7c9e1194819e0a33ea86b"},
    {file = "watchfiles-0.24.0-cp313-cp313-musllinux_1_1_x86_64.whl", hash = "sha256:edf71b01dec9f766fb285b73930f95f730bb0943500ba0566ae234b5c1618c18"},
    {file = "watchfiles-0.24.0-cp313-none-win32.whl", hash = "sha256:f4c96283fca3ee09fb044f02156d9570d156698bc3734252175a38f0e8975f07"},
    {file = "watchfiles-0.24.0-cp313-none-win_amd64.whl", hash = "sha256:a974231b4fdd1bb7f62064a0565a6b107d27d21d9acb50c484d2cdba515b9366"},
    {file = "watchfiles-0.24.0-cp38-cp38-macosx_10_12_x86_64.whl", hash = "sha256:ee82c98bed9d97cd2f53bdb035e619309a098ea53ce525833e26b93f673bc318"},
    {file = "watchfiles-0.24.0-cp38-cp38-macosx_11_0_arm64.whl", hash = "sha256:fd92bbaa2ecdb7864b7600dcdb6f2f1db6e0346ed425fbd01085be04c63f0b05"},
    {file = "watchfiles-0.24.0-cp38-cp38-manylinux_2_17_aarch64.manylinux2014_aarch64.whl", hash = "sha256:f83df90191d67af5a831da3a33dd7628b02a95450e168785586ed51e6d28943c"},
    {file = "watchfiles-0.24.0-cp38-cp38-manylinux_2_17_armv7l.manylinux2014_armv7l.whl", hash = "sha256:fca9433a45f18b7c779d2bae7beeec4f740d28b788b117a48368d95a3233ed83"},
    {file = "watchfiles-0.24.0-cp38-cp38-manylinux_2_17_i686.manylinux2014_i686.whl", hash = "sha256:b995bfa6bf01a9e09b884077a6d37070464b529d8682d7691c2d3b540d357a0c"},
    {file = "watchfiles-0.24.0-cp38-cp38-manylinux_2_17_ppc64le.manylinux2014_ppc64le.whl", hash = "sha256:ed9aba6e01ff6f2e8285e5aa4154e2970068fe0fc0998c4380d0e6278222269b"},
    {file = "watchfiles-0.24.0-cp38-cp38-manylinux_2_17_s390x.manylinux2014_s390x.whl", hash = "sha256:e5171ef898299c657685306d8e1478a45e9303ddcd8ac5fed5bd52ad4ae0b69b"},
    {file = "watchfiles-0.24.0-cp38-cp38-manylinux_2_17_x86_64.manylinux2014_x86_64.whl", hash = "sha256:4933a508d2f78099162da473841c652ad0de892719043d3f07cc83b33dfd9d91"},
    {file = "watchfiles-0.24.0-cp38-cp38-musllinux_1_1_aarch64.whl", hash = "sha256:95cf3b95ea665ab03f5a54765fa41abf0529dbaf372c3b83d91ad2cfa695779b"},
    {file = "watchfiles-0.24.0-cp38-cp38-musllinux_1_1_x86_64.whl", hash = "sha256:01def80eb62bd5db99a798d5e1f5f940ca0a05986dcfae21d833af7a46f7ee22"},
    {file = "watchfiles-0.24.0-cp38-none-win32.whl", hash = "sha256:4d28cea3c976499475f5b7a2fec6b3a36208656963c1a856d328aeae056fc5c1"},
    {file = "watchfiles-0.24.0-cp38-none-win_amd64.whl", hash = "sha256:21ab23fdc1208086d99ad3f69c231ba265628014d4aed31d4e8746bd59e88cd1"},
    {file = "watchfiles-0.24.0-cp39-cp39-macosx_10_12_x86_64.whl", hash = "sha256:b665caeeda58625c3946ad7308fbd88a086ee51ccb706307e5b1fa91556ac886"},
    {file = "watchfiles-0.24.0-cp39-cp39-macosx_11_0_arm64.whl", hash = "sha256:5c51749f3e4e269231510da426ce4a44beb98db2dce9097225c338f815b05d4f"},
    {file = "watchfiles-0.24.0-cp39-cp39-manylinux_2_17_aarch64.manylinux2014_aarch64.whl", hash = "sha256:82b2509f08761f29a0fdad35f7e1638b8ab1adfa2666d41b794090361fb8b855"},
    {file = "watchfiles-0.24.0-cp39-cp39-manylinux_2_17_armv7l.manylinux2014_armv7l.whl", hash = "sha256:9a60e2bf9dc6afe7f743e7c9b149d1fdd6dbf35153c78fe3a14ae1a9aee3d98b"},
    {file = "watchfiles-0.24.0-cp39-cp39-manylinux_2_17_i686.manylinux2014_i686.whl", hash = "sha256:f7d9b87c4c55e3ea8881dfcbf6d61ea6775fffed1fedffaa60bd047d3c08c430"},
    {file = "watchfiles-0.24.0-cp39-cp39-manylinux_2_17_ppc64le.manylinux2014_ppc64le.whl", hash = "sha256:78470906a6be5199524641f538bd2c56bb809cd4bf29a566a75051610bc982c3"},
    {file = "watchfiles-0.24.0-cp39-cp39-manylinux_2_17_s390x.manylinux2014_s390x.whl", hash = "sha256:07cdef0c84c03375f4e24642ef8d8178e533596b229d32d2bbd69e5128ede02a"},
    {file = "watchfiles-0.24.0-cp39-cp39-manylinux_2_17_x86_64.manylinux2014_x86_64.whl", hash = "sha256:d337193bbf3e45171c8025e291530fb7548a93c45253897cd764a6a71c937ed9"},
    {file = "watchfiles-0.24.0-cp39-cp39-musllinux_1_1_aarch64.whl", hash = "sha256:ec39698c45b11d9694a1b635a70946a5bad066b593af863460a8e600f0dff1ca"},
    {file = "watchfiles-0.24.0-cp39-cp39-musllinux_1_1_x86_64.whl", hash = "sha256:2e28d91ef48eab0afb939fa446d8ebe77e2f7593f5f463fd2bb2b14132f95b6e"},
    {file = "watchfiles-0.24.0-cp39-none-win32.whl", hash = "sha256:7138eff8baa883aeaa074359daabb8b6c1e73ffe69d5accdc907d62e50b1c0da"},
    {file = "watchfiles-0.24.0-cp39-none-win_amd64.whl", hash = "sha256:b3ef2c69c655db63deb96b3c3e587084612f9b1fa983df5e0c3379d41307467f"},
    {file = "watchfiles-0.24.0-pp310-pypy310_pp73-macosx_10_12_x86_64.whl", hash = "sha256:632676574429bee8c26be8af52af20e0c718cc7f5f67f3fb658c71928ccd4f7f"},
    {file = "watchfiles-0.24.0-pp310-pypy310_pp73-macosx_11_0_arm64.whl", hash = "sha256:a2a9891723a735d3e2540651184be6fd5b96880c08ffe1a98bae5017e65b544b"},
    {file = "watchfiles-0.24.0-pp310-pypy310_pp73-manylinux_2_17_aarch64.manylinux2014_aarch64.whl", hash = "sha256:4a7fa2bc0efef3e209a8199fd111b8969fe9db9c711acc46636686331eda7dd4"},
    {file = "watchfiles-0.24.0-pp310-pypy310_pp73-manylinux_2_17_x86_64.manylinux2014_x86_64.whl", hash = "sha256:01550ccf1d0aed6ea375ef259706af76ad009ef5b0203a3a4cce0f6024f9b68a"},
    {file = "watchfiles-0.24.0-pp39-pypy39_pp73-macosx_10_12_x86_64.whl", hash = "sha256:96619302d4374de5e2345b2b622dc481257a99431277662c30f606f3e22f42be"},
    {file = "watchfiles-0.24.0-pp39-pypy39_pp73-macosx_11_0_arm64.whl", hash = "sha256:85d5f0c7771dcc7a26c7a27145059b6bb0ce06e4e751ed76cdf123d7039b60b5"},
    {file = "watchfiles-0.24.0-pp39-pypy39_pp73-manylinux_2_17_aarch64.manylinux2014_aarch64.whl", hash = "sha256:951088d12d339690a92cef2ec5d3cfd957692834c72ffd570ea76a6790222777"},
    {file = "watchfiles-0.24.0-pp39-pypy39_pp73-manylinux_2_17_x86_64.manylinux2014_x86_64.whl", hash = "sha256:49fb58bcaa343fedc6a9e91f90195b20ccb3135447dc9e4e2570c3a39565853e"},
    {file = "watchfiles-0.24.0.tar.gz", hash = "sha256:afb72325b74fa7a428c009c1b8be4b4d7c2afedafb2982827ef2156646df2fe1"},
]

[package.dependencies]
anyio = ">=3.0.0"

[[package]]
name = "wcwidth"
version = "0.2.13"
description = "Measures the displayed width of unicode strings in a terminal"
optional = false
python-versions = "*"
files = [
    {file = "wcwidth-0.2.13-py2.py3-none-any.whl", hash = "sha256:3da69048e4540d84af32131829ff948f1e022c1c6bdb8d6102117aac784f6859"},
    {file = "wcwidth-0.2.13.tar.gz", hash = "sha256:72ea0c06399eb286d978fdedb6923a9eb47e1c486ce63e9b4e64fc18303972b5"},
]

[[package]]
name = "websockets"
version = "13.0.1"
description = "An implementation of the WebSocket Protocol (RFC 6455 & 7692)"
optional = false
python-versions = ">=3.8"
files = [
    {file = "websockets-13.0.1-cp310-cp310-macosx_10_9_universal2.whl", hash = "sha256:1841c9082a3ba4a05ea824cf6d99570a6a2d8849ef0db16e9c826acb28089e8f"},
    {file = "websockets-13.0.1-cp310-cp310-macosx_10_9_x86_64.whl", hash = "sha256:c5870b4a11b77e4caa3937142b650fbbc0914a3e07a0cf3131f35c0587489c1c"},
    {file = "websockets-13.0.1-cp310-cp310-macosx_11_0_arm64.whl", hash = "sha256:f1d3d1f2eb79fe7b0fb02e599b2bf76a7619c79300fc55f0b5e2d382881d4f7f"},
    {file = "websockets-13.0.1-cp310-cp310-manylinux_2_17_aarch64.manylinux2014_aarch64.whl", hash = "sha256:15c7d62ee071fa94a2fc52c2b472fed4af258d43f9030479d9c4a2de885fd543"},
    {file = "websockets-13.0.1-cp310-cp310-manylinux_2_5_i686.manylinux1_i686.manylinux_2_17_i686.manylinux2014_i686.whl", hash = "sha256:6724b554b70d6195ba19650fef5759ef11346f946c07dbbe390e039bcaa7cc3d"},
    {file = "websockets-13.0.1-cp310-cp310-manylinux_2_5_x86_64.manylinux1_x86_64.manylinux_2_17_x86_64.manylinux2014_x86_64.whl", hash = "sha256:56a952fa2ae57a42ba7951e6b2605e08a24801a4931b5644dfc68939e041bc7f"},
    {file = "websockets-13.0.1-cp310-cp310-musllinux_1_2_aarch64.whl", hash = "sha256:17118647c0ea14796364299e942c330d72acc4b248e07e639d34b75067b3cdd8"},
    {file = "websockets-13.0.1-cp310-cp310-musllinux_1_2_i686.whl", hash = "sha256:64a11aae1de4c178fa653b07d90f2fb1a2ed31919a5ea2361a38760192e1858b"},
    {file = "websockets-13.0.1-cp310-cp310-musllinux_1_2_x86_64.whl", hash = "sha256:0617fd0b1d14309c7eab6ba5deae8a7179959861846cbc5cb528a7531c249448"},
    {file = "websockets-13.0.1-cp310-cp310-win32.whl", hash = "sha256:11f9976ecbc530248cf162e359a92f37b7b282de88d1d194f2167b5e7ad80ce3"},
    {file = "websockets-13.0.1-cp310-cp310-win_amd64.whl", hash = "sha256:c3c493d0e5141ec055a7d6809a28ac2b88d5b878bb22df8c621ebe79a61123d0"},
    {file = "websockets-13.0.1-cp311-cp311-macosx_10_9_universal2.whl", hash = "sha256:699ba9dd6a926f82a277063603fc8d586b89f4cb128efc353b749b641fcddda7"},
    {file = "websockets-13.0.1-cp311-cp311-macosx_10_9_x86_64.whl", hash = "sha256:cf2fae6d85e5dc384bf846f8243ddaa9197f3a1a70044f59399af001fd1f51d4"},
    {file = "websockets-13.0.1-cp311-cp311-macosx_11_0_arm64.whl", hash = "sha256:52aed6ef21a0f1a2a5e310fb5c42d7555e9c5855476bbd7173c3aa3d8a0302f2"},
    {file = "websockets-13.0.1-cp311-cp311-manylinux_2_17_aarch64.manylinux2014_aarch64.whl", hash = "sha256:8eb2b9a318542153674c6e377eb8cb9ca0fc011c04475110d3477862f15d29f0"},
    {file = "websockets-13.0.1-cp311-cp311-manylinux_2_5_i686.manylinux1_i686.manylinux_2_17_i686.manylinux2014_i686.whl", hash = "sha256:5df891c86fe68b2c38da55b7aea7095beca105933c697d719f3f45f4220a5e0e"},
    {file = "websockets-13.0.1-cp311-cp311-manylinux_2_5_x86_64.manylinux1_x86_64.manylinux_2_17_x86_64.manylinux2014_x86_64.whl", hash = "sha256:fac2d146ff30d9dd2fcf917e5d147db037a5c573f0446c564f16f1f94cf87462"},
    {file = "websockets-13.0.1-cp311-cp311-musllinux_1_2_aarch64.whl", hash = "sha256:b8ac5b46fd798bbbf2ac6620e0437c36a202b08e1f827832c4bf050da081b501"},
    {file = "websockets-13.0.1-cp311-cp311-musllinux_1_2_i686.whl", hash = "sha256:46af561eba6f9b0848b2c9d2427086cabadf14e0abdd9fde9d72d447df268418"},
    {file = "websockets-13.0.1-cp311-cp311-musllinux_1_2_x86_64.whl", hash = "sha256:b5a06d7f60bc2fc378a333978470dfc4e1415ee52f5f0fce4f7853eb10c1e9df"},
    {file = "websockets-13.0.1-cp311-cp311-win32.whl", hash = "sha256:556e70e4f69be1082e6ef26dcb70efcd08d1850f5d6c5f4f2bcb4e397e68f01f"},
    {file = "websockets-13.0.1-cp311-cp311-win_amd64.whl", hash = "sha256:67494e95d6565bf395476e9d040037ff69c8b3fa356a886b21d8422ad86ae075"},
    {file = "websockets-13.0.1-cp312-cp312-macosx_10_9_universal2.whl", hash = "sha256:f9c9e258e3d5efe199ec23903f5da0eeaad58cf6fccb3547b74fd4750e5ac47a"},
    {file = "websockets-13.0.1-cp312-cp312-macosx_10_9_x86_64.whl", hash = "sha256:6b41a1b3b561f1cba8321fb32987552a024a8f67f0d05f06fcf29f0090a1b956"},
    {file = "websockets-13.0.1-cp312-cp312-macosx_11_0_arm64.whl", hash = "sha256:f73e676a46b0fe9426612ce8caeca54c9073191a77c3e9d5c94697aef99296af"},
    {file = "websockets-13.0.1-cp312-cp312-manylinux_2_17_aarch64.manylinux2014_aarch64.whl", hash = "sha256:1f613289f4a94142f914aafad6c6c87903de78eae1e140fa769a7385fb232fdf"},
    {file = "websockets-13.0.1-cp312-cp312-manylinux_2_5_i686.manylinux1_i686.manylinux_2_17_i686.manylinux2014_i686.whl", hash = "sha256:0f52504023b1480d458adf496dc1c9e9811df4ba4752f0bc1f89ae92f4f07d0c"},
    {file = "websockets-13.0.1-cp312-cp312-manylinux_2_5_x86_64.manylinux1_x86_64.manylinux_2_17_x86_64.manylinux2014_x86_64.whl", hash = "sha256:139add0f98206cb74109faf3611b7783ceafc928529c62b389917a037d4cfdf4"},
    {file = "websockets-13.0.1-cp312-cp312-musllinux_1_2_aarch64.whl", hash = "sha256:47236c13be337ef36546004ce8c5580f4b1150d9538b27bf8a5ad8edf23ccfab"},
    {file = "websockets-13.0.1-cp312-cp312-musllinux_1_2_i686.whl", hash = "sha256:c44ca9ade59b2e376612df34e837013e2b273e6c92d7ed6636d0556b6f4db93d"},
    {file = "websockets-13.0.1-cp312-cp312-musllinux_1_2_x86_64.whl", hash = "sha256:9bbc525f4be3e51b89b2a700f5746c2a6907d2e2ef4513a8daafc98198b92237"},
    {file = "websockets-13.0.1-cp312-cp312-win32.whl", hash = "sha256:3624fd8664f2577cf8de996db3250662e259bfbc870dd8ebdcf5d7c6ac0b5185"},
    {file = "websockets-13.0.1-cp312-cp312-win_amd64.whl", hash = "sha256:0513c727fb8adffa6d9bf4a4463b2bade0186cbd8c3604ae5540fae18a90cb99"},
    {file = "websockets-13.0.1-cp313-cp313-macosx_10_13_universal2.whl", hash = "sha256:1ee4cc030a4bdab482a37462dbf3ffb7e09334d01dd37d1063be1136a0d825fa"},
    {file = "websockets-13.0.1-cp313-cp313-macosx_10_13_x86_64.whl", hash = "sha256:dbb0b697cc0655719522406c059eae233abaa3243821cfdfab1215d02ac10231"},
    {file = "websockets-13.0.1-cp313-cp313-macosx_11_0_arm64.whl", hash = "sha256:acbebec8cb3d4df6e2488fbf34702cbc37fc39ac7abf9449392cefb3305562e9"},
    {file = "websockets-13.0.1-cp313-cp313-manylinux_2_17_aarch64.manylinux2014_aarch64.whl", hash = "sha256:63848cdb6fcc0bf09d4a155464c46c64ffdb5807ede4fb251da2c2692559ce75"},
    {file = "websockets-13.0.1-cp313-cp313-manylinux_2_5_i686.manylinux1_i686.manylinux_2_17_i686.manylinux2014_i686.whl", hash = "sha256:872afa52a9f4c414d6955c365b6588bc4401272c629ff8321a55f44e3f62b553"},
    {file = "websockets-13.0.1-cp313-cp313-manylinux_2_5_x86_64.manylinux1_x86_64.manylinux_2_17_x86_64.manylinux2014_x86_64.whl", hash = "sha256:05e70fec7c54aad4d71eae8e8cab50525e899791fc389ec6f77b95312e4e9920"},
    {file = "websockets-13.0.1-cp313-cp313-musllinux_1_2_aarch64.whl", hash = "sha256:e82db3756ccb66266504f5a3de05ac6b32f287faacff72462612120074103329"},
    {file = "websockets-13.0.1-cp313-cp313-musllinux_1_2_i686.whl", hash = "sha256:4e85f46ce287f5c52438bb3703d86162263afccf034a5ef13dbe4318e98d86e7"},
    {file = "websockets-13.0.1-cp313-cp313-musllinux_1_2_x86_64.whl", hash = "sha256:f3fea72e4e6edb983908f0db373ae0732b275628901d909c382aae3b592589f2"},
    {file = "websockets-13.0.1-cp313-cp313-win32.whl", hash = "sha256:254ecf35572fca01a9f789a1d0f543898e222f7b69ecd7d5381d8d8047627bdb"},
    {file = "websockets-13.0.1-cp313-cp313-win_amd64.whl", hash = "sha256:ca48914cdd9f2ccd94deab5bcb5ac98025a5ddce98881e5cce762854a5de330b"},
    {file = "websockets-13.0.1-cp38-cp38-macosx_10_9_universal2.whl", hash = "sha256:b74593e9acf18ea5469c3edaa6b27fa7ecf97b30e9dabd5a94c4c940637ab96e"},
    {file = "websockets-13.0.1-cp38-cp38-macosx_10_9_x86_64.whl", hash = "sha256:132511bfd42e77d152c919147078460c88a795af16b50e42a0bd14f0ad71ddd2"},
    {file = "websockets-13.0.1-cp38-cp38-macosx_11_0_arm64.whl", hash = "sha256:165bedf13556f985a2aa064309baa01462aa79bf6112fbd068ae38993a0e1f1b"},
    {file = "websockets-13.0.1-cp38-cp38-manylinux_2_17_aarch64.manylinux2014_aarch64.whl", hash = "sha256:e801ca2f448850685417d723ec70298feff3ce4ff687c6f20922c7474b4746ae"},
    {file = "websockets-13.0.1-cp38-cp38-manylinux_2_5_i686.manylinux1_i686.manylinux_2_17_i686.manylinux2014_i686.whl", hash = "sha256:30d3a1f041360f029765d8704eae606781e673e8918e6b2c792e0775de51352f"},
    {file = "websockets-13.0.1-cp38-cp38-manylinux_2_5_x86_64.manylinux1_x86_64.manylinux_2_17_x86_64.manylinux2014_x86_64.whl", hash = "sha256:67648f5e50231b5a7f6d83b32f9c525e319f0ddc841be0de64f24928cd75a603"},
    {file = "websockets-13.0.1-cp38-cp38-musllinux_1_2_aarch64.whl", hash = "sha256:4f0426d51c8f0926a4879390f53c7f5a855e42d68df95fff6032c82c888b5f36"},
    {file = "websockets-13.0.1-cp38-cp38-musllinux_1_2_i686.whl", hash = "sha256:ef48e4137e8799998a343706531e656fdec6797b80efd029117edacb74b0a10a"},
    {file = "websockets-13.0.1-cp38-cp38-musllinux_1_2_x86_64.whl", hash = "sha256:249aab278810bee585cd0d4de2f08cfd67eed4fc75bde623be163798ed4db2eb"},
    {file = "websockets-13.0.1-cp38-cp38-win32.whl", hash = "sha256:06c0a667e466fcb56a0886d924b5f29a7f0886199102f0a0e1c60a02a3751cb4"},
    {file = "websockets-13.0.1-cp38-cp38-win_amd64.whl", hash = "sha256:1f3cf6d6ec1142412d4535adabc6bd72a63f5f148c43fe559f06298bc21953c9"},
    {file = "websockets-13.0.1-cp39-cp39-macosx_10_9_universal2.whl", hash = "sha256:1fa082ea38d5de51dd409434edc27c0dcbd5fed2b09b9be982deb6f0508d25bc"},
    {file = "websockets-13.0.1-cp39-cp39-macosx_10_9_x86_64.whl", hash = "sha256:4a365bcb7be554e6e1f9f3ed64016e67e2fa03d7b027a33e436aecf194febb63"},
    {file = "websockets-13.0.1-cp39-cp39-macosx_11_0_arm64.whl", hash = "sha256:10a0dc7242215d794fb1918f69c6bb235f1f627aaf19e77f05336d147fce7c37"},
    {file = "websockets-13.0.1-cp39-cp39-manylinux_2_17_aarch64.manylinux2014_aarch64.whl", hash = "sha256:59197afd478545b1f73367620407b0083303569c5f2d043afe5363676f2697c9"},
    {file = "websockets-13.0.1-cp39-cp39-manylinux_2_5_i686.manylinux1_i686.manylinux_2_17_i686.manylinux2014_i686.whl", hash = "sha256:7d20516990d8ad557b5abeb48127b8b779b0b7e6771a265fa3e91767596d7d97"},
    {file = "websockets-13.0.1-cp39-cp39-manylinux_2_5_x86_64.manylinux1_x86_64.manylinux_2_17_x86_64.manylinux2014_x86_64.whl", hash = "sha256:a1a2e272d067030048e1fe41aa1ec8cfbbaabce733b3d634304fa2b19e5c897f"},
    {file = "websockets-13.0.1-cp39-cp39-musllinux_1_2_aarch64.whl", hash = "sha256:ad327ac80ba7ee61da85383ca8822ff808ab5ada0e4a030d66703cc025b021c4"},
    {file = "websockets-13.0.1-cp39-cp39-musllinux_1_2_i686.whl", hash = "sha256:518f90e6dd089d34eaade01101fd8a990921c3ba18ebbe9b0165b46ebff947f0"},
    {file = "websockets-13.0.1-cp39-cp39-musllinux_1_2_x86_64.whl", hash = "sha256:68264802399aed6fe9652e89761031acc734fc4c653137a5911c2bfa995d6d6d"},
    {file = "websockets-13.0.1-cp39-cp39-win32.whl", hash = "sha256:a5dc0c42ded1557cc7c3f0240b24129aefbad88af4f09346164349391dea8e58"},
    {file = "websockets-13.0.1-cp39-cp39-win_amd64.whl", hash = "sha256:b448a0690ef43db5ef31b3a0d9aea79043882b4632cfc3eaab20105edecf6097"},
    {file = "websockets-13.0.1-pp310-pypy310_pp73-macosx_10_15_x86_64.whl", hash = "sha256:faef9ec6354fe4f9a2c0bbb52fb1ff852effc897e2a4501e25eb3a47cb0a4f89"},
    {file = "websockets-13.0.1-pp310-pypy310_pp73-macosx_11_0_arm64.whl", hash = "sha256:03d3f9ba172e0a53e37fa4e636b86cc60c3ab2cfee4935e66ed1d7acaa4625ad"},
    {file = "websockets-13.0.1-pp310-pypy310_pp73-manylinux_2_17_aarch64.manylinux2014_aarch64.whl", hash = "sha256:d450f5a7a35662a9b91a64aefa852f0c0308ee256122f5218a42f1d13577d71e"},
    {file = "websockets-13.0.1-pp310-pypy310_pp73-manylinux_2_5_i686.manylinux1_i686.manylinux_2_17_i686.manylinux2014_i686.whl", hash = "sha256:3f55b36d17ac50aa8a171b771e15fbe1561217510c8768af3d546f56c7576cdc"},
    {file = "websockets-13.0.1-pp310-pypy310_pp73-manylinux_2_5_x86_64.manylinux1_x86_64.manylinux_2_17_x86_64.manylinux2014_x86_64.whl", hash = "sha256:14b9c006cac63772b31abbcd3e3abb6228233eec966bf062e89e7fa7ae0b7333"},
    {file = "websockets-13.0.1-pp310-pypy310_pp73-win_amd64.whl", hash = "sha256:b79915a1179a91f6c5f04ece1e592e2e8a6bd245a0e45d12fd56b2b59e559a32"},
    {file = "websockets-13.0.1-pp38-pypy38_pp73-macosx_10_9_x86_64.whl", hash = "sha256:f40de079779acbcdbb6ed4c65af9f018f8b77c5ec4e17a4b737c05c2db554491"},
    {file = "websockets-13.0.1-pp38-pypy38_pp73-macosx_11_0_arm64.whl", hash = "sha256:80e4ba642fc87fa532bac07e5ed7e19d56940b6af6a8c61d4429be48718a380f"},
    {file = "websockets-13.0.1-pp38-pypy38_pp73-manylinux_2_17_aarch64.manylinux2014_aarch64.whl", hash = "sha256:2a02b0161c43cc9e0232711eff846569fad6ec836a7acab16b3cf97b2344c060"},
    {file = "websockets-13.0.1-pp38-pypy38_pp73-manylinux_2_5_i686.manylinux1_i686.manylinux_2_17_i686.manylinux2014_i686.whl", hash = "sha256:6aa74a45d4cdc028561a7d6ab3272c8b3018e23723100b12e58be9dfa5a24491"},
    {file = "websockets-13.0.1-pp38-pypy38_pp73-manylinux_2_5_x86_64.manylinux1_x86_64.manylinux_2_17_x86_64.manylinux2014_x86_64.whl", hash = "sha256:00fd961943b6c10ee6f0b1130753e50ac5dcd906130dcd77b0003c3ab797d026"},
    {file = "websockets-13.0.1-pp38-pypy38_pp73-win_amd64.whl", hash = "sha256:d93572720d781331fb10d3da9ca1067817d84ad1e7c31466e9f5e59965618096"},
    {file = "websockets-13.0.1-pp39-pypy39_pp73-macosx_10_15_x86_64.whl", hash = "sha256:71e6e5a3a3728886caee9ab8752e8113670936a193284be9d6ad2176a137f376"},
    {file = "websockets-13.0.1-pp39-pypy39_pp73-macosx_11_0_arm64.whl", hash = "sha256:c4a6343e3b0714e80da0b0893543bf9a5b5fa71b846ae640e56e9abc6fbc4c83"},
    {file = "websockets-13.0.1-pp39-pypy39_pp73-manylinux_2_17_aarch64.manylinux2014_aarch64.whl", hash = "sha256:1a678532018e435396e37422a95e3ab87f75028ac79570ad11f5bf23cd2a7d8c"},
    {file = "websockets-13.0.1-pp39-pypy39_pp73-manylinux_2_5_i686.manylinux1_i686.manylinux_2_17_i686.manylinux2014_i686.whl", hash = "sha256:d6716c087e4aa0b9260c4e579bb82e068f84faddb9bfba9906cb87726fa2e870"},
    {file = "websockets-13.0.1-pp39-pypy39_pp73-manylinux_2_5_x86_64.manylinux1_x86_64.manylinux_2_17_x86_64.manylinux2014_x86_64.whl", hash = "sha256:e33505534f3f673270dd67f81e73550b11de5b538c56fe04435d63c02c3f26b5"},
    {file = "websockets-13.0.1-pp39-pypy39_pp73-win_amd64.whl", hash = "sha256:acab3539a027a85d568c2573291e864333ec9d912675107d6efceb7e2be5d980"},
    {file = "websockets-13.0.1-py3-none-any.whl", hash = "sha256:b80f0c51681c517604152eb6a572f5a9378f877763231fddb883ba2f968e8817"},
    {file = "websockets-13.0.1.tar.gz", hash = "sha256:4d6ece65099411cfd9a48d13701d7438d9c34f479046b34c50ff60bb8834e43e"},
]

[metadata]
lock-version = "2.0"
python-versions = "3.10.11"
content-hash = "89af4756674d777076731e78aae5a9469fda10b40315e80efa4ae6cdb3d8996a"
